// !$*UTF8*$!
{
	archiveVersion = 1;
	classes = {
	};
	objectVersion = 50;
	objects = {

/* Begin PBXBuildFile section */
		DD9EFDD9239A5AD7007FF119 /* AppDelegate.swift in Sources */ = {isa = PBXBuildFile; fileRef = DD9EFDD8239A5AD7007FF119 /* AppDelegate.swift */; };
		DD9EFDDB239A5AD7007FF119 /* SceneDelegate.swift in Sources */ = {isa = PBXBuildFile; fileRef = DD9EFDDA239A5AD7007FF119 /* SceneDelegate.swift */; };
		DD9EFDDD239A5AD7007FF119 /* ViewController.swift in Sources */ = {isa = PBXBuildFile; fileRef = DD9EFDDC239A5AD7007FF119 /* ViewController.swift */; };
		DD9EFDE0239A5AD7007FF119 /* Main.storyboard in Resources */ = {isa = PBXBuildFile; fileRef = DD9EFDDE239A5AD7007FF119 /* Main.storyboard */; };
		DD9EFDE3239A5AD7007FF119 /* NYMostPopularAssignment.xcdatamodeld in Sources */ = {isa = PBXBuildFile; fileRef = DD9EFDE1239A5AD7007FF119 /* NYMostPopularAssignment.xcdatamodeld */; };
		DD9EFDE5239A5ADA007FF119 /* Assets.xcassets in Resources */ = {isa = PBXBuildFile; fileRef = DD9EFDE4239A5ADA007FF119 /* Assets.xcassets */; };
		DD9EFDE8239A5ADA007FF119 /* LaunchScreen.storyboard in Resources */ = {isa = PBXBuildFile; fileRef = DD9EFDE6239A5ADA007FF119 /* LaunchScreen.storyboard */; };
		DD9EFDF3239A5ADB007FF119 /* NYMostPopularAssignmentTests.swift in Sources */ = {isa = PBXBuildFile; fileRef = DD9EFDF2239A5ADB007FF119 /* NYMostPopularAssignmentTests.swift */; };
		DD9EFDFE239A5ADB007FF119 /* NYMostPopularAssignmentUITests.swift in Sources */ = {isa = PBXBuildFile; fileRef = DD9EFDFD239A5ADB007FF119 /* NYMostPopularAssignmentUITests.swift */; };
		DD9EFE0C239A5D7F007FF119 /* NYNewsListModel.swift in Sources */ = {isa = PBXBuildFile; fileRef = DD9EFE0B239A5D7F007FF119 /* NYNewsListModel.swift */; };
		DD9EFE0E239A663D007FF119 /* Observable.swift in Sources */ = {isa = PBXBuildFile; fileRef = DD9EFE0D239A663D007FF119 /* Observable.swift */; };
		DD9EFE16239A8690007FF119 /* NYNewsTableCell.swift in Sources */ = {isa = PBXBuildFile; fileRef = DD9EFE14239A8690007FF119 /* NYNewsTableCell.swift */; };
		DD9EFE17239A8690007FF119 /* NYNewsTableCell.xib in Resources */ = {isa = PBXBuildFile; fileRef = DD9EFE15239A8690007FF119 /* NYNewsTableCell.xib */; };
		DD9EFE19239A8B26007FF119 /* NYNewsListViewModel.swift in Sources */ = {isa = PBXBuildFile; fileRef = DD9EFE18239A8B26007FF119 /* NYNewsListViewModel.swift */; };
		DD9EFE1B239A9299007FF119 /* StyleGuides.swift in Sources */ = {isa = PBXBuildFile; fileRef = DD9EFE1A239A9299007FF119 /* StyleGuides.swift */; };
		DD9EFE1D239A988E007FF119 /* NetworkManager.swift in Sources */ = {isa = PBXBuildFile; fileRef = DD9EFE1C239A988E007FF119 /* NetworkManager.swift */; };
		DD9EFE2B239AA49D007FF119 /* Date+Extensions.swift in Sources */ = {isa = PBXBuildFile; fileRef = DD9EFE21239AA49D007FF119 /* Date+Extensions.swift */; };
		DD9EFE2C239AA49D007FF119 /* UIIMageView+Extension.swift in Sources */ = {isa = PBXBuildFile; fileRef = DD9EFE22239AA49D007FF119 /* UIIMageView+Extension.swift */; };
		DD9EFE2D239AA49D007FF119 /* Data+Extensions.swift in Sources */ = {isa = PBXBuildFile; fileRef = DD9EFE23239AA49D007FF119 /* Data+Extensions.swift */; };
		DD9EFE2E239AA49D007FF119 /* Array+Extensions.swift in Sources */ = {isa = PBXBuildFile; fileRef = DD9EFE24239AA49D007FF119 /* Array+Extensions.swift */; };
		DD9EFE2F239AA49D007FF119 /* ViewController+ Extensions.swift in Sources */ = {isa = PBXBuildFile; fileRef = DD9EFE25239AA49D007FF119 /* ViewController+ Extensions.swift */; };
		DD9EFE31239AA49D007FF119 /* String+Extensions.swift in Sources */ = {isa = PBXBuildFile; fileRef = DD9EFE27239AA49D007FF119 /* String+Extensions.swift */; };
		DD9EFE32239AA49D007FF119 /* CommonUitilitys.swift in Sources */ = {isa = PBXBuildFile; fileRef = DD9EFE28239AA49D007FF119 /* CommonUitilitys.swift */; };
		DD9EFE33239AA49D007FF119 /* UIView+Extensions.swift in Sources */ = {isa = PBXBuildFile; fileRef = DD9EFE29239AA49D007FF119 /* UIView+Extensions.swift */; };
		DD9EFE37239AA4F3007FF119 /* ProgressView.swift in Sources */ = {isa = PBXBuildFile; fileRef = DD9EFE35239AA4F3007FF119 /* ProgressView.swift */; };
		DD9EFE38239AA4F3007FF119 /* ProgressView.xib in Resources */ = {isa = PBXBuildFile; fileRef = DD9EFE36239AA4F3007FF119 /* ProgressView.xib */; };
		DD9EFE3B239AA922007FF119 /* Dictionary+Extensions.swift in Sources */ = {isa = PBXBuildFile; fileRef = DD9EFE3A239AA922007FF119 /* Dictionary+Extensions.swift */; };
		DD9EFE42239AB318007FF119 /* NetworkAPIEnums.swift in Sources */ = {isa = PBXBuildFile; fileRef = DD9EFE41239AB318007FF119 /* NetworkAPIEnums.swift */; };
		DD9EFE44239AB33B007FF119 /* NetworkContants.swift in Sources */ = {isa = PBXBuildFile; fileRef = DD9EFE43239AB33B007FF119 /* NetworkContants.swift */; };
		DD9EFE46239AB35A007FF119 /* NetworkResponse.swift in Sources */ = {isa = PBXBuildFile; fileRef = DD9EFE45239AB35A007FF119 /* NetworkResponse.swift */; };
		DD9EFE48239AB3F2007FF119 /* Parsable.swift in Sources */ = {isa = PBXBuildFile; fileRef = DD9EFE47239AB3F2007FF119 /* Parsable.swift */; };
		DD9EFE4C239AB845007FF119 /* NYNewsListModel.swift in Sources */ = {isa = PBXBuildFile; fileRef = DD9EFE0B239A5D7F007FF119 /* NYNewsListModel.swift */; };
		DD9EFE4D239AB846007FF119 /* NYNewsListModel.swift in Sources */ = {isa = PBXBuildFile; fileRef = DD9EFE0B239A5D7F007FF119 /* NYNewsListModel.swift */; };
		DD9EFE51239AB877007FF119 /* Observable.swift in Sources */ = {isa = PBXBuildFile; fileRef = DD9EFE0D239A663D007FF119 /* Observable.swift */; };
		DD9EFE52239AB878007FF119 /* Observable.swift in Sources */ = {isa = PBXBuildFile; fileRef = DD9EFE0D239A663D007FF119 /* Observable.swift */; };
		DD9EFE53239AB87A007FF119 /* Parsable.swift in Sources */ = {isa = PBXBuildFile; fileRef = DD9EFE47239AB3F2007FF119 /* Parsable.swift */; };
		DD9EFE54239AB87A007FF119 /* Parsable.swift in Sources */ = {isa = PBXBuildFile; fileRef = DD9EFE47239AB3F2007FF119 /* Parsable.swift */; };
		DD9EFE55239AB885007FF119 /* NetworkManager.swift in Sources */ = {isa = PBXBuildFile; fileRef = DD9EFE1C239A988E007FF119 /* NetworkManager.swift */; };
		DD9EFE56239AB885007FF119 /* NetworkAPIEnums.swift in Sources */ = {isa = PBXBuildFile; fileRef = DD9EFE41239AB318007FF119 /* NetworkAPIEnums.swift */; };
		DD9EFE57239AB885007FF119 /* NetworkContants.swift in Sources */ = {isa = PBXBuildFile; fileRef = DD9EFE43239AB33B007FF119 /* NetworkContants.swift */; };
		DD9EFE58239AB885007FF119 /* NetworkResponse.swift in Sources */ = {isa = PBXBuildFile; fileRef = DD9EFE45239AB35A007FF119 /* NetworkResponse.swift */; };
		DD9EFE59239AB885007FF119 /* NetworkManager.swift in Sources */ = {isa = PBXBuildFile; fileRef = DD9EFE1C239A988E007FF119 /* NetworkManager.swift */; };
		DD9EFE5A239AB885007FF119 /* NetworkAPIEnums.swift in Sources */ = {isa = PBXBuildFile; fileRef = DD9EFE41239AB318007FF119 /* NetworkAPIEnums.swift */; };
		DD9EFE5B239AB885007FF119 /* NetworkContants.swift in Sources */ = {isa = PBXBuildFile; fileRef = DD9EFE43239AB33B007FF119 /* NetworkContants.swift */; };
		DD9EFE5C239AB885007FF119 /* NetworkResponse.swift in Sources */ = {isa = PBXBuildFile; fileRef = DD9EFE45239AB35A007FF119 /* NetworkResponse.swift */; };
		DD9EFE5D239AB921007FF119 /* Array+Extensions.swift in Sources */ = {isa = PBXBuildFile; fileRef = DD9EFE24239AA49D007FF119 /* Array+Extensions.swift */; };
		DD9EFE5E239AB921007FF119 /* Data+Extensions.swift in Sources */ = {isa = PBXBuildFile; fileRef = DD9EFE23239AA49D007FF119 /* Data+Extensions.swift */; };
		DD9EFE5F239AB921007FF119 /* Date+Extensions.swift in Sources */ = {isa = PBXBuildFile; fileRef = DD9EFE21239AA49D007FF119 /* Date+Extensions.swift */; };
		DD9EFE60239AB921007FF119 /* String+Extensions.swift in Sources */ = {isa = PBXBuildFile; fileRef = DD9EFE27239AA49D007FF119 /* String+Extensions.swift */; };
		DD9EFE61239AB921007FF119 /* UIIMageView+Extension.swift in Sources */ = {isa = PBXBuildFile; fileRef = DD9EFE22239AA49D007FF119 /* UIIMageView+Extension.swift */; };
		DD9EFE62239AB921007FF119 /* UIView+Extensions.swift in Sources */ = {isa = PBXBuildFile; fileRef = DD9EFE29239AA49D007FF119 /* UIView+Extensions.swift */; };
		DD9EFE63239AB921007FF119 /* ViewController+ Extensions.swift in Sources */ = {isa = PBXBuildFile; fileRef = DD9EFE25239AA49D007FF119 /* ViewController+ Extensions.swift */; };
		DD9EFE64239AB921007FF119 /* Dictionary+Extensions.swift in Sources */ = {isa = PBXBuildFile; fileRef = DD9EFE3A239AA922007FF119 /* Dictionary+Extensions.swift */; };
		DD9EFE65239AB921007FF119 /* Array+Extensions.swift in Sources */ = {isa = PBXBuildFile; fileRef = DD9EFE24239AA49D007FF119 /* Array+Extensions.swift */; };
		DD9EFE66239AB921007FF119 /* Data+Extensions.swift in Sources */ = {isa = PBXBuildFile; fileRef = DD9EFE23239AA49D007FF119 /* Data+Extensions.swift */; };
		DD9EFE67239AB921007FF119 /* Date+Extensions.swift in Sources */ = {isa = PBXBuildFile; fileRef = DD9EFE21239AA49D007FF119 /* Date+Extensions.swift */; };
		DD9EFE68239AB921007FF119 /* String+Extensions.swift in Sources */ = {isa = PBXBuildFile; fileRef = DD9EFE27239AA49D007FF119 /* String+Extensions.swift */; };
		DD9EFE69239AB921007FF119 /* UIIMageView+Extension.swift in Sources */ = {isa = PBXBuildFile; fileRef = DD9EFE22239AA49D007FF119 /* UIIMageView+Extension.swift */; };
		DD9EFE6A239AB921007FF119 /* UIView+Extensions.swift in Sources */ = {isa = PBXBuildFile; fileRef = DD9EFE29239AA49D007FF119 /* UIView+Extensions.swift */; };
		DD9EFE6B239AB921007FF119 /* ViewController+ Extensions.swift in Sources */ = {isa = PBXBuildFile; fileRef = DD9EFE25239AA49D007FF119 /* ViewController+ Extensions.swift */; };
		DD9EFE6C239AB921007FF119 /* Dictionary+Extensions.swift in Sources */ = {isa = PBXBuildFile; fileRef = DD9EFE3A239AA922007FF119 /* Dictionary+Extensions.swift */; };
		DD9EFE6E239ABAAF007FF119 /* AppConstants.swift in Sources */ = {isa = PBXBuildFile; fileRef = DD9EFE6D239ABAAF007FF119 /* AppConstants.swift */; };
		DD9EFE6F239ABF82007FF119 /* AppConstants.swift in Sources */ = {isa = PBXBuildFile; fileRef = DD9EFE6D239ABAAF007FF119 /* AppConstants.swift */; };
		DD9EFE70239ABF82007FF119 /* AppConstants.swift in Sources */ = {isa = PBXBuildFile; fileRef = DD9EFE6D239ABAAF007FF119 /* AppConstants.swift */; };
		DD9EFE71239ABF86007FF119 /* CommonUitilitys.swift in Sources */ = {isa = PBXBuildFile; fileRef = DD9EFE28239AA49D007FF119 /* CommonUitilitys.swift */; };
		DD9EFE72239ABF87007FF119 /* CommonUitilitys.swift in Sources */ = {isa = PBXBuildFile; fileRef = DD9EFE28239AA49D007FF119 /* CommonUitilitys.swift */; };
		DD9EFE73239ABF89007FF119 /* StyleGuides.swift in Sources */ = {isa = PBXBuildFile; fileRef = DD9EFE1A239A9299007FF119 /* StyleGuides.swift */; };
		DD9EFE74239ABF8A007FF119 /* StyleGuides.swift in Sources */ = {isa = PBXBuildFile; fileRef = DD9EFE1A239A9299007FF119 /* StyleGuides.swift */; };
		DD9EFE75239ABFA7007FF119 /* ProgressView.swift in Sources */ = {isa = PBXBuildFile; fileRef = DD9EFE35239AA4F3007FF119 /* ProgressView.swift */; };
		DD9EFE76239ABFA7007FF119 /* ProgressView.swift in Sources */ = {isa = PBXBuildFile; fileRef = DD9EFE35239AA4F3007FF119 /* ProgressView.swift */; };
/* End PBXBuildFile section */

/* Begin PBXContainerItemProxy section */
		DD9EFDEF239A5ADB007FF119 /* PBXContainerItemProxy */ = {
			isa = PBXContainerItemProxy;
			containerPortal = DD9EFDCD239A5AD7007FF119 /* Project object */;
			proxyType = 1;
			remoteGlobalIDString = DD9EFDD4239A5AD7007FF119;
			remoteInfo = NYMostPopularAssignment;
		};
		DD9EFDFA239A5ADB007FF119 /* PBXContainerItemProxy */ = {
			isa = PBXContainerItemProxy;
			containerPortal = DD9EFDCD239A5AD7007FF119 /* Project object */;
			proxyType = 1;
			remoteGlobalIDString = DD9EFDD4239A5AD7007FF119;
			remoteInfo = NYMostPopularAssignment;
		};
/* End PBXContainerItemProxy section */

/* Begin PBXFileReference section */
		DD9EFDD5239A5AD7007FF119 /* NYMostPopularAssignment.app */ = {isa = PBXFileReference; explicitFileType = wrapper.application; includeInIndex = 0; path = NYMostPopularAssignment.app; sourceTree = BUILT_PRODUCTS_DIR; };
		DD9EFDD8239A5AD7007FF119 /* AppDelegate.swift */ = {isa = PBXFileReference; lastKnownFileType = sourcecode.swift; path = AppDelegate.swift; sourceTree = "<group>"; };
		DD9EFDDA239A5AD7007FF119 /* SceneDelegate.swift */ = {isa = PBXFileReference; lastKnownFileType = sourcecode.swift; path = SceneDelegate.swift; sourceTree = "<group>"; };
		DD9EFDDC239A5AD7007FF119 /* ViewController.swift */ = {isa = PBXFileReference; lastKnownFileType = sourcecode.swift; path = ViewController.swift; sourceTree = "<group>"; };
		DD9EFDDF239A5AD7007FF119 /* Base */ = {isa = PBXFileReference; lastKnownFileType = file.storyboard; name = Base; path = Base.lproj/Main.storyboard; sourceTree = "<group>"; };
		DD9EFDE2239A5AD7007FF119 /* NYMostPopularAssignment.xcdatamodel */ = {isa = PBXFileReference; lastKnownFileType = wrapper.xcdatamodel; path = NYMostPopularAssignment.xcdatamodel; sourceTree = "<group>"; };
		DD9EFDE4239A5ADA007FF119 /* Assets.xcassets */ = {isa = PBXFileReference; lastKnownFileType = folder.assetcatalog; path = Assets.xcassets; sourceTree = "<group>"; };
		DD9EFDE7239A5ADA007FF119 /* Base */ = {isa = PBXFileReference; lastKnownFileType = file.storyboard; name = Base; path = Base.lproj/LaunchScreen.storyboard; sourceTree = "<group>"; };
		DD9EFDE9239A5ADA007FF119 /* Info.plist */ = {isa = PBXFileReference; lastKnownFileType = text.plist.xml; path = Info.plist; sourceTree = "<group>"; };
		DD9EFDEE239A5ADB007FF119 /* NYMostPopularAssignmentTests.xctest */ = {isa = PBXFileReference; explicitFileType = wrapper.cfbundle; includeInIndex = 0; path = NYMostPopularAssignmentTests.xctest; sourceTree = BUILT_PRODUCTS_DIR; };
		DD9EFDF2239A5ADB007FF119 /* NYMostPopularAssignmentTests.swift */ = {isa = PBXFileReference; lastKnownFileType = sourcecode.swift; path = NYMostPopularAssignmentTests.swift; sourceTree = "<group>"; };
		DD9EFDF4239A5ADB007FF119 /* Info.plist */ = {isa = PBXFileReference; lastKnownFileType = text.plist.xml; path = Info.plist; sourceTree = "<group>"; };
		DD9EFDF9239A5ADB007FF119 /* NYMostPopularAssignmentUITests.xctest */ = {isa = PBXFileReference; explicitFileType = wrapper.cfbundle; includeInIndex = 0; path = NYMostPopularAssignmentUITests.xctest; sourceTree = BUILT_PRODUCTS_DIR; };
		DD9EFDFD239A5ADB007FF119 /* NYMostPopularAssignmentUITests.swift */ = {isa = PBXFileReference; lastKnownFileType = sourcecode.swift; path = NYMostPopularAssignmentUITests.swift; sourceTree = "<group>"; };
		DD9EFDFF239A5ADB007FF119 /* Info.plist */ = {isa = PBXFileReference; lastKnownFileType = text.plist.xml; path = Info.plist; sourceTree = "<group>"; };
		DD9EFE0B239A5D7F007FF119 /* NYNewsListModel.swift */ = {isa = PBXFileReference; lastKnownFileType = sourcecode.swift; path = NYNewsListModel.swift; sourceTree = "<group>"; };
		DD9EFE0D239A663D007FF119 /* Observable.swift */ = {isa = PBXFileReference; lastKnownFileType = sourcecode.swift; path = Observable.swift; sourceTree = "<group>"; };
		DD9EFE14239A8690007FF119 /* NYNewsTableCell.swift */ = {isa = PBXFileReference; lastKnownFileType = sourcecode.swift; path = NYNewsTableCell.swift; sourceTree = "<group>"; };
		DD9EFE15239A8690007FF119 /* NYNewsTableCell.xib */ = {isa = PBXFileReference; lastKnownFileType = file.xib; path = NYNewsTableCell.xib; sourceTree = "<group>"; };
		DD9EFE18239A8B26007FF119 /* NYNewsListViewModel.swift */ = {isa = PBXFileReference; lastKnownFileType = sourcecode.swift; path = NYNewsListViewModel.swift; sourceTree = "<group>"; };
		DD9EFE1A239A9299007FF119 /* StyleGuides.swift */ = {isa = PBXFileReference; lastKnownFileType = sourcecode.swift; path = StyleGuides.swift; sourceTree = "<group>"; };
		DD9EFE1C239A988E007FF119 /* NetworkManager.swift */ = {isa = PBXFileReference; lastKnownFileType = sourcecode.swift; path = NetworkManager.swift; sourceTree = "<group>"; };
		DD9EFE21239AA49D007FF119 /* Date+Extensions.swift */ = {isa = PBXFileReference; fileEncoding = 4; lastKnownFileType = sourcecode.swift; path = "Date+Extensions.swift"; sourceTree = "<group>"; };
		DD9EFE22239AA49D007FF119 /* UIIMageView+Extension.swift */ = {isa = PBXFileReference; fileEncoding = 4; lastKnownFileType = sourcecode.swift; path = "UIIMageView+Extension.swift"; sourceTree = "<group>"; };
		DD9EFE23239AA49D007FF119 /* Data+Extensions.swift */ = {isa = PBXFileReference; fileEncoding = 4; lastKnownFileType = sourcecode.swift; path = "Data+Extensions.swift"; sourceTree = "<group>"; };
		DD9EFE24239AA49D007FF119 /* Array+Extensions.swift */ = {isa = PBXFileReference; fileEncoding = 4; lastKnownFileType = sourcecode.swift; path = "Array+Extensions.swift"; sourceTree = "<group>"; };
		DD9EFE25239AA49D007FF119 /* ViewController+ Extensions.swift */ = {isa = PBXFileReference; fileEncoding = 4; lastKnownFileType = sourcecode.swift; path = "ViewController+ Extensions.swift"; sourceTree = "<group>"; };
		DD9EFE27239AA49D007FF119 /* String+Extensions.swift */ = {isa = PBXFileReference; fileEncoding = 4; lastKnownFileType = sourcecode.swift; path = "String+Extensions.swift"; sourceTree = "<group>"; };
		DD9EFE28239AA49D007FF119 /* CommonUitilitys.swift */ = {isa = PBXFileReference; fileEncoding = 4; lastKnownFileType = sourcecode.swift; path = CommonUitilitys.swift; sourceTree = "<group>"; };
		DD9EFE29239AA49D007FF119 /* UIView+Extensions.swift */ = {isa = PBXFileReference; fileEncoding = 4; lastKnownFileType = sourcecode.swift; path = "UIView+Extensions.swift"; sourceTree = "<group>"; };
		DD9EFE35239AA4F3007FF119 /* ProgressView.swift */ = {isa = PBXFileReference; fileEncoding = 4; lastKnownFileType = sourcecode.swift; path = ProgressView.swift; sourceTree = "<group>"; };
		DD9EFE36239AA4F3007FF119 /* ProgressView.xib */ = {isa = PBXFileReference; fileEncoding = 4; lastKnownFileType = file.xib; path = ProgressView.xib; sourceTree = "<group>"; };
		DD9EFE3A239AA922007FF119 /* Dictionary+Extensions.swift */ = {isa = PBXFileReference; lastKnownFileType = sourcecode.swift; path = "Dictionary+Extensions.swift"; sourceTree = "<group>"; };
		DD9EFE41239AB318007FF119 /* NetworkAPIEnums.swift */ = {isa = PBXFileReference; lastKnownFileType = sourcecode.swift; path = NetworkAPIEnums.swift; sourceTree = "<group>"; };
		DD9EFE43239AB33B007FF119 /* NetworkContants.swift */ = {isa = PBXFileReference; lastKnownFileType = sourcecode.swift; path = NetworkContants.swift; sourceTree = "<group>"; };
		DD9EFE45239AB35A007FF119 /* NetworkResponse.swift */ = {isa = PBXFileReference; lastKnownFileType = sourcecode.swift; path = NetworkResponse.swift; sourceTree = "<group>"; };
		DD9EFE47239AB3F2007FF119 /* Parsable.swift */ = {isa = PBXFileReference; lastKnownFileType = sourcecode.swift; path = Parsable.swift; sourceTree = "<group>"; };
		DD9EFE6D239ABAAF007FF119 /* AppConstants.swift */ = {isa = PBXFileReference; lastKnownFileType = sourcecode.swift; path = AppConstants.swift; sourceTree = "<group>"; };
/* End PBXFileReference section */

/* Begin PBXFrameworksBuildPhase section */
		DD9EFDD2239A5AD7007FF119 /* Frameworks */ = {
			isa = PBXFrameworksBuildPhase;
			buildActionMask = 2147483647;
			files = (
			);
			runOnlyForDeploymentPostprocessing = 0;
		};
		DD9EFDEB239A5ADB007FF119 /* Frameworks */ = {
			isa = PBXFrameworksBuildPhase;
			buildActionMask = 2147483647;
			files = (
			);
			runOnlyForDeploymentPostprocessing = 0;
		};
		DD9EFDF6239A5ADB007FF119 /* Frameworks */ = {
			isa = PBXFrameworksBuildPhase;
			buildActionMask = 2147483647;
			files = (
			);
			runOnlyForDeploymentPostprocessing = 0;
		};
/* End PBXFrameworksBuildPhase section */

/* Begin PBXGroup section */
		DD9EFDCC239A5AD7007FF119 = {
			isa = PBXGroup;
			children = (
				DD9EFDD7239A5AD7007FF119 /* NYMostPopularAssignment */,
				DD9EFDF1239A5ADB007FF119 /* NYMostPopularAssignmentTests */,
				DD9EFDFC239A5ADB007FF119 /* NYMostPopularAssignmentUITests */,
				DD9EFDD6239A5AD7007FF119 /* Products */,
			);
			sourceTree = "<group>";
		};
		DD9EFDD6239A5AD7007FF119 /* Products */ = {
			isa = PBXGroup;
			children = (
				DD9EFDD5239A5AD7007FF119 /* NYMostPopularAssignment.app */,
				DD9EFDEE239A5ADB007FF119 /* NYMostPopularAssignmentTests.xctest */,
				DD9EFDF9239A5ADB007FF119 /* NYMostPopularAssignmentUITests.xctest */,
			);
			name = Products;
			sourceTree = "<group>";
		};
		DD9EFDD7239A5AD7007FF119 /* NYMostPopularAssignment */ = {
			isa = PBXGroup;
			children = (
				DD9EFE39239AA4F8007FF119 /* ReusableViews */,
				DD9EFE40239AB184007FF119 /* Managers */,
				DD9EFE3F239AB16E007FF119 /* Models */,
				DD9EFE1E239AA416007FF119 /* AppUtilities */,
				DD9EFE3D239AB143007FF119 /* PopularNewsModule */,
				DD9EFDD8239A5AD7007FF119 /* AppDelegate.swift */,
				DD9EFDDA239A5AD7007FF119 /* SceneDelegate.swift */,
				DD9EFDDE239A5AD7007FF119 /* Main.storyboard */,
				DD9EFDE4239A5ADA007FF119 /* Assets.xcassets */,
				DD9EFDE6239A5ADA007FF119 /* LaunchScreen.storyboard */,
				DD9EFDE9239A5ADA007FF119 /* Info.plist */,
				DD9EFDE1239A5AD7007FF119 /* NYMostPopularAssignment.xcdatamodeld */,
			);
			path = NYMostPopularAssignment;
			sourceTree = "<group>";
		};
		DD9EFDF1239A5ADB007FF119 /* NYMostPopularAssignmentTests */ = {
			isa = PBXGroup;
			children = (
				DD9EFDF2239A5ADB007FF119 /* NYMostPopularAssignmentTests.swift */,
				DD9EFDF4239A5ADB007FF119 /* Info.plist */,
			);
			path = NYMostPopularAssignmentTests;
			sourceTree = "<group>";
		};
		DD9EFDFC239A5ADB007FF119 /* NYMostPopularAssignmentUITests */ = {
			isa = PBXGroup;
			children = (
				DD9EFDFD239A5ADB007FF119 /* NYMostPopularAssignmentUITests.swift */,
				DD9EFDFF239A5ADB007FF119 /* Info.plist */,
			);
			path = NYMostPopularAssignmentUITests;
			sourceTree = "<group>";
		};
		DD9EFE1E239AA416007FF119 /* AppUtilities */ = {
			isa = PBXGroup;
			children = (
				DD9EFE3C239AB11E007FF119 /* Extensions */,
				DD9EFE6D239ABAAF007FF119 /* AppConstants.swift */,
				DD9EFE28239AA49D007FF119 /* CommonUitilitys.swift */,
				DD9EFE1A239A9299007FF119 /* StyleGuides.swift */,
			);
			path = AppUtilities;
			sourceTree = "<group>";
		};
		DD9EFE1F239AA423007FF119 /* NetworkManager */ = {
			isa = PBXGroup;
			children = (
				DD9EFE1C239A988E007FF119 /* NetworkManager.swift */,
				DD9EFE41239AB318007FF119 /* NetworkAPIEnums.swift */,
				DD9EFE43239AB33B007FF119 /* NetworkContants.swift */,
				DD9EFE45239AB35A007FF119 /* NetworkResponse.swift */,
			);
			path = NetworkManager;
			sourceTree = "<group>";
		};
		DD9EFE34239AA4F3007FF119 /* ProgressView */ = {
			isa = PBXGroup;
			children = (
				DD9EFE35239AA4F3007FF119 /* ProgressView.swift */,
				DD9EFE36239AA4F3007FF119 /* ProgressView.xib */,
			);
			path = ProgressView;
			sourceTree = "<group>";
		};
		DD9EFE39239AA4F8007FF119 /* ReusableViews */ = {
			isa = PBXGroup;
			children = (
				DD9EFE34239AA4F3007FF119 /* ProgressView */,
			);
			path = ReusableViews;
			sourceTree = "<group>";
		};
		DD9EFE3C239AB11E007FF119 /* Extensions */ = {
			isa = PBXGroup;
			children = (
				DD9EFE24239AA49D007FF119 /* Array+Extensions.swift */,
				DD9EFE23239AA49D007FF119 /* Data+Extensions.swift */,
				DD9EFE21239AA49D007FF119 /* Date+Extensions.swift */,
				DD9EFE27239AA49D007FF119 /* String+Extensions.swift */,
				DD9EFE22239AA49D007FF119 /* UIIMageView+Extension.swift */,
				DD9EFE29239AA49D007FF119 /* UIView+Extensions.swift */,
				DD9EFE25239AA49D007FF119 /* ViewController+ Extensions.swift */,
				DD9EFE3A239AA922007FF119 /* Dictionary+Extensions.swift */,
			);
			path = Extensions;
			sourceTree = "<group>";
		};
		DD9EFE3D239AB143007FF119 /* PopularNewsModule */ = {
			isa = PBXGroup;
			children = (
				DD9EFE18239A8B26007FF119 /* NYNewsListViewModel.swift */,
				DD9EFDDC239A5AD7007FF119 /* ViewController.swift */,
				DD9EFE3E239AB156007FF119 /* PopularNewsTableCell */,
			);
			path = PopularNewsModule;
			sourceTree = "<group>";
		};
		DD9EFE3E239AB156007FF119 /* PopularNewsTableCell */ = {
			isa = PBXGroup;
			children = (
				DD9EFE14239A8690007FF119 /* NYNewsTableCell.swift */,
				DD9EFE15239A8690007FF119 /* NYNewsTableCell.xib */,
			);
			path = PopularNewsTableCell;
			sourceTree = "<group>";
		};
		DD9EFE3F239AB16E007FF119 /* Models */ = {
			isa = PBXGroup;
			children = (
				DD9EFE0B239A5D7F007FF119 /* NYNewsListModel.swift */,
				DD9EFE0D239A663D007FF119 /* Observable.swift */,
				DD9EFE47239AB3F2007FF119 /* Parsable.swift */,
			);
			path = Models;
			sourceTree = "<group>";
		};
		DD9EFE40239AB184007FF119 /* Managers */ = {
			isa = PBXGroup;
			children = (
				DD9EFE1F239AA423007FF119 /* NetworkManager */,
			);
			path = Managers;
			sourceTree = "<group>";
		};
/* End PBXGroup section */

/* Begin PBXNativeTarget section */
		DD9EFDD4239A5AD7007FF119 /* NYMostPopularAssignment */ = {
			isa = PBXNativeTarget;
			buildConfigurationList = DD9EFE02239A5ADB007FF119 /* Build configuration list for PBXNativeTarget "NYMostPopularAssignment" */;
			buildPhases = (
				DD9EFDD1239A5AD7007FF119 /* Sources */,
				DD9EFDD2239A5AD7007FF119 /* Frameworks */,
				DD9EFDD3239A5AD7007FF119 /* Resources */,
			);
			buildRules = (
			);
			dependencies = (
			);
			name = NYMostPopularAssignment;
			productName = NYMostPopularAssignment;
			productReference = DD9EFDD5239A5AD7007FF119 /* NYMostPopularAssignment.app */;
			productType = "com.apple.product-type.application";
		};
		DD9EFDED239A5ADB007FF119 /* NYMostPopularAssignmentTests */ = {
			isa = PBXNativeTarget;
			buildConfigurationList = DD9EFE05239A5ADB007FF119 /* Build configuration list for PBXNativeTarget "NYMostPopularAssignmentTests" */;
			buildPhases = (
				DD9EFDEA239A5ADB007FF119 /* Sources */,
				DD9EFDEB239A5ADB007FF119 /* Frameworks */,
				DD9EFDEC239A5ADB007FF119 /* Resources */,
			);
			buildRules = (
			);
			dependencies = (
				DD9EFDF0239A5ADB007FF119 /* PBXTargetDependency */,
			);
			name = NYMostPopularAssignmentTests;
			productName = NYMostPopularAssignmentTests;
			productReference = DD9EFDEE239A5ADB007FF119 /* NYMostPopularAssignmentTests.xctest */;
			productType = "com.apple.product-type.bundle.unit-test";
		};
		DD9EFDF8239A5ADB007FF119 /* NYMostPopularAssignmentUITests */ = {
			isa = PBXNativeTarget;
			buildConfigurationList = DD9EFE08239A5ADB007FF119 /* Build configuration list for PBXNativeTarget "NYMostPopularAssignmentUITests" */;
			buildPhases = (
				DD9EFDF5239A5ADB007FF119 /* Sources */,
				DD9EFDF6239A5ADB007FF119 /* Frameworks */,
				DD9EFDF7239A5ADB007FF119 /* Resources */,
			);
			buildRules = (
			);
			dependencies = (
				DD9EFDFB239A5ADB007FF119 /* PBXTargetDependency */,
			);
			name = NYMostPopularAssignmentUITests;
			productName = NYMostPopularAssignmentUITests;
			productReference = DD9EFDF9239A5ADB007FF119 /* NYMostPopularAssignmentUITests.xctest */;
			productType = "com.apple.product-type.bundle.ui-testing";
		};
/* End PBXNativeTarget section */

/* Begin PBXProject section */
		DD9EFDCD239A5AD7007FF119 /* Project object */ = {
			isa = PBXProject;
			attributes = {
				LastSwiftUpdateCheck = 1110;
				LastUpgradeCheck = 1110;
				ORGANIZATIONNAME = VE;
				TargetAttributes = {
					DD9EFDD4239A5AD7007FF119 = {
						CreatedOnToolsVersion = 11.1;
					};
					DD9EFDED239A5ADB007FF119 = {
						CreatedOnToolsVersion = 11.1;
						TestTargetID = DD9EFDD4239A5AD7007FF119;
					};
					DD9EFDF8239A5ADB007FF119 = {
						CreatedOnToolsVersion = 11.1;
						TestTargetID = DD9EFDD4239A5AD7007FF119;
					};
				};
			};
			buildConfigurationList = DD9EFDD0239A5AD7007FF119 /* Build configuration list for PBXProject "NYMostPopularAssignment" */;
			compatibilityVersion = "Xcode 9.3";
			developmentRegion = en;
			hasScannedForEncodings = 0;
			knownRegions = (
				en,
				Base,
			);
			mainGroup = DD9EFDCC239A5AD7007FF119;
			productRefGroup = DD9EFDD6239A5AD7007FF119 /* Products */;
			projectDirPath = "";
			projectRoot = "";
			targets = (
				DD9EFDD4239A5AD7007FF119 /* NYMostPopularAssignment */,
				DD9EFDED239A5ADB007FF119 /* NYMostPopularAssignmentTests */,
				DD9EFDF8239A5ADB007FF119 /* NYMostPopularAssignmentUITests */,
			);
		};
/* End PBXProject section */

/* Begin PBXResourcesBuildPhase section */
		DD9EFDD3239A5AD7007FF119 /* Resources */ = {
			isa = PBXResourcesBuildPhase;
			buildActionMask = 2147483647;
			files = (
				DD9EFE17239A8690007FF119 /* NYNewsTableCell.xib in Resources */,
				DD9EFDE8239A5ADA007FF119 /* LaunchScreen.storyboard in Resources */,
				DD9EFE38239AA4F3007FF119 /* ProgressView.xib in Resources */,
				DD9EFDE5239A5ADA007FF119 /* Assets.xcassets in Resources */,
				DD9EFDE0239A5AD7007FF119 /* Main.storyboard in Resources */,
			);
			runOnlyForDeploymentPostprocessing = 0;
		};
		DD9EFDEC239A5ADB007FF119 /* Resources */ = {
			isa = PBXResourcesBuildPhase;
			buildActionMask = 2147483647;
			files = (
			);
			runOnlyForDeploymentPostprocessing = 0;
		};
		DD9EFDF7239A5ADB007FF119 /* Resources */ = {
			isa = PBXResourcesBuildPhase;
			buildActionMask = 2147483647;
			files = (
			);
			runOnlyForDeploymentPostprocessing = 0;
		};
/* End PBXResourcesBuildPhase section */

/* Begin PBXSourcesBuildPhase section */
		DD9EFDD1239A5AD7007FF119 /* Sources */ = {
			isa = PBXSourcesBuildPhase;
			buildActionMask = 2147483647;
			files = (
				DD9EFE19239A8B26007FF119 /* NYNewsListViewModel.swift in Sources */,
				DD9EFE2E239AA49D007FF119 /* Array+Extensions.swift in Sources */,
				DD9EFE33239AA49D007FF119 /* UIView+Extensions.swift in Sources */,
				DD9EFE2D239AA49D007FF119 /* Data+Extensions.swift in Sources */,
				DD9EFDDD239A5AD7007FF119 /* ViewController.swift in Sources */,
				DD9EFE48239AB3F2007FF119 /* Parsable.swift in Sources */,
				DD9EFE31239AA49D007FF119 /* String+Extensions.swift in Sources */,
				DD9EFE44239AB33B007FF119 /* NetworkContants.swift in Sources */,
				DD9EFE1D239A988E007FF119 /* NetworkManager.swift in Sources */,
				DD9EFE0C239A5D7F007FF119 /* NYNewsListModel.swift in Sources */,
				DD9EFE1B239A9299007FF119 /* StyleGuides.swift in Sources */,
				DD9EFE2B239AA49D007FF119 /* Date+Extensions.swift in Sources */,
				DD9EFDD9239A5AD7007FF119 /* AppDelegate.swift in Sources */,
				DD9EFE2F239AA49D007FF119 /* ViewController+ Extensions.swift in Sources */,
				DD9EFE2C239AA49D007FF119 /* UIIMageView+Extension.swift in Sources */,
				DD9EFE42239AB318007FF119 /* NetworkAPIEnums.swift in Sources */,
				DD9EFDE3239A5AD7007FF119 /* NYMostPopularAssignment.xcdatamodeld in Sources */,
				DD9EFE46239AB35A007FF119 /* NetworkResponse.swift in Sources */,
				DD9EFE0E239A663D007FF119 /* Observable.swift in Sources */,
				DD9EFE6E239ABAAF007FF119 /* AppConstants.swift in Sources */,
				DD9EFE16239A8690007FF119 /* NYNewsTableCell.swift in Sources */,
				DD9EFE3B239AA922007FF119 /* Dictionary+Extensions.swift in Sources */,
				DD9EFE37239AA4F3007FF119 /* ProgressView.swift in Sources */,
				DD9EFE32239AA49D007FF119 /* CommonUitilitys.swift in Sources */,
				DD9EFDDB239A5AD7007FF119 /* SceneDelegate.swift in Sources */,
			);
			runOnlyForDeploymentPostprocessing = 0;
		};
		DD9EFDEA239A5ADB007FF119 /* Sources */ = {
			isa = PBXSourcesBuildPhase;
			buildActionMask = 2147483647;
			files = (
				DD9EFE62239AB921007FF119 /* UIView+Extensions.swift in Sources */,
				DD9EFE70239ABF82007FF119 /* AppConstants.swift in Sources */,
				DD9EFDF3239A5ADB007FF119 /* NYMostPopularAssignmentTests.swift in Sources */,
				DD9EFE5F239AB921007FF119 /* Date+Extensions.swift in Sources */,
				DD9EFE5D239AB921007FF119 /* Array+Extensions.swift in Sources */,
				DD9EFE5C239AB885007FF119 /* NetworkResponse.swift in Sources */,
				DD9EFE63239AB921007FF119 /* ViewController+ Extensions.swift in Sources */,
				DD9EFE60239AB921007FF119 /* String+Extensions.swift in Sources */,
				DD9EFE64239AB921007FF119 /* Dictionary+Extensions.swift in Sources */,
				DD9EFE51239AB877007FF119 /* Observable.swift in Sources */,
				DD9EFE5A239AB885007FF119 /* NetworkAPIEnums.swift in Sources */,
				DD9EFE59239AB885007FF119 /* NetworkManager.swift in Sources */,
				DD9EFE61239AB921007FF119 /* UIIMageView+Extension.swift in Sources */,
				DD9EFE71239ABF86007FF119 /* CommonUitilitys.swift in Sources */,
				DD9EFE74239ABF8A007FF119 /* StyleGuides.swift in Sources */,
				DD9EFE4C239AB845007FF119 /* NYNewsListModel.swift in Sources */,
				DD9EFE54239AB87A007FF119 /* Parsable.swift in Sources */,
				DD9EFE75239ABFA7007FF119 /* ProgressView.swift in Sources */,
				DD9EFE5B239AB885007FF119 /* NetworkContants.swift in Sources */,
				DD9EFE5E239AB921007FF119 /* Data+Extensions.swift in Sources */,
			);
			runOnlyForDeploymentPostprocessing = 0;
		};
		DD9EFDF5239A5ADB007FF119 /* Sources */ = {
			isa = PBXSourcesBuildPhase;
			buildActionMask = 2147483647;
			files = (
				DD9EFE6A239AB921007FF119 /* UIView+Extensions.swift in Sources */,
				DD9EFE6F239ABF82007FF119 /* AppConstants.swift in Sources */,
				DD9EFDFE239A5ADB007FF119 /* NYMostPopularAssignmentUITests.swift in Sources */,
				DD9EFE67239AB921007FF119 /* Date+Extensions.swift in Sources */,
				DD9EFE65239AB921007FF119 /* Array+Extensions.swift in Sources */,
				DD9EFE58239AB885007FF119 /* NetworkResponse.swift in Sources */,
				DD9EFE6B239AB921007FF119 /* ViewController+ Extensions.swift in Sources */,
				DD9EFE68239AB921007FF119 /* String+Extensions.swift in Sources */,
				DD9EFE6C239AB921007FF119 /* Dictionary+Extensions.swift in Sources */,
				DD9EFE52239AB878007FF119 /* Observable.swift in Sources */,
				DD9EFE56239AB885007FF119 /* NetworkAPIEnums.swift in Sources */,
				DD9EFE55239AB885007FF119 /* NetworkManager.swift in Sources */,
				DD9EFE69239AB921007FF119 /* UIIMageView+Extension.swift in Sources */,
				DD9EFE72239ABF87007FF119 /* CommonUitilitys.swift in Sources */,
				DD9EFE73239ABF89007FF119 /* StyleGuides.swift in Sources */,
				DD9EFE4D239AB846007FF119 /* NYNewsListModel.swift in Sources */,
				DD9EFE53239AB87A007FF119 /* Parsable.swift in Sources */,
				DD9EFE76239ABFA7007FF119 /* ProgressView.swift in Sources */,
				DD9EFE57239AB885007FF119 /* NetworkContants.swift in Sources */,
				DD9EFE66239AB921007FF119 /* Data+Extensions.swift in Sources */,
			);
			runOnlyForDeploymentPostprocessing = 0;
		};
/* End PBXSourcesBuildPhase section */

/* Begin PBXTargetDependency section */
		DD9EFDF0239A5ADB007FF119 /* PBXTargetDependency */ = {
			isa = PBXTargetDependency;
			target = DD9EFDD4239A5AD7007FF119 /* NYMostPopularAssignment */;
			targetProxy = DD9EFDEF239A5ADB007FF119 /* PBXContainerItemProxy */;
		};
		DD9EFDFB239A5ADB007FF119 /* PBXTargetDependency */ = {
			isa = PBXTargetDependency;
			target = DD9EFDD4239A5AD7007FF119 /* NYMostPopularAssignment */;
			targetProxy = DD9EFDFA239A5ADB007FF119 /* PBXContainerItemProxy */;
		};
/* End PBXTargetDependency section */

/* Begin PBXVariantGroup section */
		DD9EFDDE239A5AD7007FF119 /* Main.storyboard */ = {
			isa = PBXVariantGroup;
			children = (
				DD9EFDDF239A5AD7007FF119 /* Base */,
			);
			name = Main.storyboard;
			sourceTree = "<group>";
		};
		DD9EFDE6239A5ADA007FF119 /* LaunchScreen.storyboard */ = {
			isa = PBXVariantGroup;
			children = (
				DD9EFDE7239A5ADA007FF119 /* Base */,
			);
			name = LaunchScreen.storyboard;
			sourceTree = "<group>";
		};
/* End PBXVariantGroup section */

/* Begin XCBuildConfiguration section */
		DD9EFE00239A5ADB007FF119 /* Debug */ = {
			isa = XCBuildConfiguration;
			buildSettings = {
				ALWAYS_SEARCH_USER_PATHS = NO;
				CLANG_ANALYZER_NONNULL = YES;
				CLANG_ANALYZER_NUMBER_OBJECT_CONVERSION = YES_AGGRESSIVE;
				CLANG_CXX_LANGUAGE_STANDARD = "gnu++14";
				CLANG_CXX_LIBRARY = "libc++";
				CLANG_ENABLE_MODULES = YES;
				CLANG_ENABLE_OBJC_ARC = YES;
				CLANG_ENABLE_OBJC_WEAK = YES;
				CLANG_WARN_BLOCK_CAPTURE_AUTORELEASING = YES;
				CLANG_WARN_BOOL_CONVERSION = YES;
				CLANG_WARN_COMMA = YES;
				CLANG_WARN_CONSTANT_CONVERSION = YES;
				CLANG_WARN_DEPRECATED_OBJC_IMPLEMENTATIONS = YES;
				CLANG_WARN_DIRECT_OBJC_ISA_USAGE = YES_ERROR;
				CLANG_WARN_DOCUMENTATION_COMMENTS = YES;
				CLANG_WARN_EMPTY_BODY = YES;
				CLANG_WARN_ENUM_CONVERSION = YES;
				CLANG_WARN_INFINITE_RECURSION = YES;
				CLANG_WARN_INT_CONVERSION = YES;
				CLANG_WARN_NON_LITERAL_NULL_CONVERSION = YES;
				CLANG_WARN_OBJC_IMPLICIT_RETAIN_SELF = YES;
				CLANG_WARN_OBJC_LITERAL_CONVERSION = YES;
				CLANG_WARN_OBJC_ROOT_CLASS = YES_ERROR;
				CLANG_WARN_RANGE_LOOP_ANALYSIS = YES;
				CLANG_WARN_STRICT_PROTOTYPES = YES;
				CLANG_WARN_SUSPICIOUS_MOVE = YES;
				CLANG_WARN_UNGUARDED_AVAILABILITY = YES_AGGRESSIVE;
				CLANG_WARN_UNREACHABLE_CODE = YES;
				CLANG_WARN__DUPLICATE_METHOD_MATCH = YES;
				COPY_PHASE_STRIP = NO;
				DEBUG_INFORMATION_FORMAT = dwarf;
				ENABLE_STRICT_OBJC_MSGSEND = YES;
				ENABLE_TESTABILITY = YES;
				GCC_C_LANGUAGE_STANDARD = gnu11;
				GCC_DYNAMIC_NO_PIC = NO;
				GCC_NO_COMMON_BLOCKS = YES;
				GCC_OPTIMIZATION_LEVEL = 0;
				GCC_PREPROCESSOR_DEFINITIONS = (
					"DEBUG=1",
					"$(inherited)",
				);
				GCC_WARN_64_TO_32_BIT_CONVERSION = YES;
				GCC_WARN_ABOUT_RETURN_TYPE = YES_ERROR;
				GCC_WARN_UNDECLARED_SELECTOR = YES;
				GCC_WARN_UNINITIALIZED_AUTOS = YES_AGGRESSIVE;
				GCC_WARN_UNUSED_FUNCTION = YES;
				GCC_WARN_UNUSED_VARIABLE = YES;
				IPHONEOS_DEPLOYMENT_TARGET = 13.1;
				MTL_ENABLE_DEBUG_INFO = INCLUDE_SOURCE;
				MTL_FAST_MATH = YES;
				ONLY_ACTIVE_ARCH = YES;
				SDKROOT = iphoneos;
				SWIFT_ACTIVE_COMPILATION_CONDITIONS = DEBUG;
				SWIFT_OPTIMIZATION_LEVEL = "-Onone";
			};
			name = Debug;
		};
		DD9EFE01239A5ADB007FF119 /* Release */ = {
			isa = XCBuildConfiguration;
			buildSettings = {
				ALWAYS_SEARCH_USER_PATHS = NO;
				CLANG_ANALYZER_NONNULL = YES;
				CLANG_ANALYZER_NUMBER_OBJECT_CONVERSION = YES_AGGRESSIVE;
				CLANG_CXX_LANGUAGE_STANDARD = "gnu++14";
				CLANG_CXX_LIBRARY = "libc++";
				CLANG_ENABLE_MODULES = YES;
				CLANG_ENABLE_OBJC_ARC = YES;
				CLANG_ENABLE_OBJC_WEAK = YES;
				CLANG_WARN_BLOCK_CAPTURE_AUTORELEASING = YES;
				CLANG_WARN_BOOL_CONVERSION = YES;
				CLANG_WARN_COMMA = YES;
				CLANG_WARN_CONSTANT_CONVERSION = YES;
				CLANG_WARN_DEPRECATED_OBJC_IMPLEMENTATIONS = YES;
				CLANG_WARN_DIRECT_OBJC_ISA_USAGE = YES_ERROR;
				CLANG_WARN_DOCUMENTATION_COMMENTS = YES;
				CLANG_WARN_EMPTY_BODY = YES;
				CLANG_WARN_ENUM_CONVERSION = YES;
				CLANG_WARN_INFINITE_RECURSION = YES;
				CLANG_WARN_INT_CONVERSION = YES;
				CLANG_WARN_NON_LITERAL_NULL_CONVERSION = YES;
				CLANG_WARN_OBJC_IMPLICIT_RETAIN_SELF = YES;
				CLANG_WARN_OBJC_LITERAL_CONVERSION = YES;
				CLANG_WARN_OBJC_ROOT_CLASS = YES_ERROR;
				CLANG_WARN_RANGE_LOOP_ANALYSIS = YES;
				CLANG_WARN_STRICT_PROTOTYPES = YES;
				CLANG_WARN_SUSPICIOUS_MOVE = YES;
				CLANG_WARN_UNGUARDED_AVAILABILITY = YES_AGGRESSIVE;
				CLANG_WARN_UNREACHABLE_CODE = YES;
				CLANG_WARN__DUPLICATE_METHOD_MATCH = YES;
				COPY_PHASE_STRIP = NO;
				DEBUG_INFORMATION_FORMAT = "dwarf-with-dsym";
				ENABLE_NS_ASSERTIONS = NO;
				ENABLE_STRICT_OBJC_MSGSEND = YES;
				GCC_C_LANGUAGE_STANDARD = gnu11;
				GCC_NO_COMMON_BLOCKS = YES;
				GCC_WARN_64_TO_32_BIT_CONVERSION = YES;
				GCC_WARN_ABOUT_RETURN_TYPE = YES_ERROR;
				GCC_WARN_UNDECLARED_SELECTOR = YES;
				GCC_WARN_UNINITIALIZED_AUTOS = YES_AGGRESSIVE;
				GCC_WARN_UNUSED_FUNCTION = YES;
				GCC_WARN_UNUSED_VARIABLE = YES;
				IPHONEOS_DEPLOYMENT_TARGET = 13.1;
				MTL_ENABLE_DEBUG_INFO = NO;
				MTL_FAST_MATH = YES;
				SDKROOT = iphoneos;
				SWIFT_COMPILATION_MODE = wholemodule;
				SWIFT_OPTIMIZATION_LEVEL = "-O";
				VALIDATE_PRODUCT = YES;
			};
			name = Release;
		};
		DD9EFE03239A5ADB007FF119 /* Debug */ = {
			isa = XCBuildConfiguration;
			buildSettings = {
				ASSETCATALOG_COMPILER_APPICON_NAME = AppIcon;
				CODE_SIGN_STYLE = Automatic;
				INFOPLIST_FILE = NYMostPopularAssignment/Info.plist;
				LD_RUNPATH_SEARCH_PATHS = (
					"$(inherited)",
					"@executable_path/Frameworks",
				);
				PRODUCT_BUNDLE_IDENTIFIER = VE.NYMostPopularAssignment;
				PRODUCT_NAME = "$(TARGET_NAME)";
				SWIFT_VERSION = 5.0;
				TARGETED_DEVICE_FAMILY = "1,2";
			};
			name = Debug;
		};
		DD9EFE04239A5ADB007FF119 /* Release */ = {
			isa = XCBuildConfiguration;
			buildSettings = {
				ASSETCATALOG_COMPILER_APPICON_NAME = AppIcon;
				CODE_SIGN_STYLE = Automatic;
				INFOPLIST_FILE = NYMostPopularAssignment/Info.plist;
				LD_RUNPATH_SEARCH_PATHS = (
					"$(inherited)",
					"@executable_path/Frameworks",
				);
				PRODUCT_BUNDLE_IDENTIFIER = VE.NYMostPopularAssignment;
				PRODUCT_NAME = "$(TARGET_NAME)";
				SWIFT_VERSION = 5.0;
				TARGETED_DEVICE_FAMILY = "1,2";
			};
			name = Release;
		};
		DD9EFE06239A5ADB007FF119 /* Debug */ = {
			isa = XCBuildConfiguration;
			buildSettings = {
				ALWAYS_EMBED_SWIFT_STANDARD_LIBRARIES = YES;
				BUNDLE_LOADER = "$(TEST_HOST)";
				CODE_SIGN_STYLE = Automatic;
				INFOPLIST_FILE = NYMostPopularAssignmentTests/Info.plist;
				IPHONEOS_DEPLOYMENT_TARGET = 13.1;
				LD_RUNPATH_SEARCH_PATHS = (
					"$(inherited)",
					"@executable_path/Frameworks",
					"@loader_path/Frameworks",
				);
				PRODUCT_BUNDLE_IDENTIFIER = VE.NYMostPopularAssignmentTests;
				PRODUCT_NAME = "$(TARGET_NAME)";
				SWIFT_VERSION = 5.0;
				TARGETED_DEVICE_FAMILY = "1,2";
				TEST_HOST = "$(BUILT_PRODUCTS_DIR)/NYMostPopularAssignment.app/NYMostPopularAssignment";
			};
			name = Debug;
		};
		DD9EFE07239A5ADB007FF119 /* Release */ = {
			isa = XCBuildConfiguration;
			buildSettings = {
				ALWAYS_EMBED_SWIFT_STANDARD_LIBRARIES = YES;
				BUNDLE_LOADER = "$(TEST_HOST)";
				CODE_SIGN_STYLE = Automatic;
				INFOPLIST_FILE = NYMostPopularAssignmentTests/Info.plist;
				IPHONEOS_DEPLOYMENT_TARGET = 13.1;
				LD_RUNPATH_SEARCH_PATHS = (
					"$(inherited)",
					"@executable_path/Frameworks",
					"@loader_path/Frameworks",
				);
				PRODUCT_BUNDLE_IDENTIFIER = VE.NYMostPopularAssignmentTests;
				PRODUCT_NAME = "$(TARGET_NAME)";
				SWIFT_VERSION = 5.0;
				TARGETED_DEVICE_FAMILY = "1,2";
				TEST_HOST = "$(BUILT_PRODUCTS_DIR)/NYMostPopularAssignment.app/NYMostPopularAssignment";
			};
			name = Release;
		};
		DD9EFE09239A5ADB007FF119 /* Debug */ = {
			isa = XCBuildConfiguration;
			buildSettings = {
				ALWAYS_EMBED_SWIFT_STANDARD_LIBRARIES = YES;
				CODE_SIGN_STYLE = Automatic;
				INFOPLIST_FILE = NYMostPopularAssignmentUITests/Info.plist;
				LD_RUNPATH_SEARCH_PATHS = (
					"$(inherited)",
					"@executable_path/Frameworks",
					"@loader_path/Frameworks",
				);
				PRODUCT_BUNDLE_IDENTIFIER = VE.NYMostPopularAssignmentUITests;
				PRODUCT_NAME = "$(TARGET_NAME)";
				SWIFT_VERSION = 5.0;
				TARGETED_DEVICE_FAMILY = "1,2";
				TEST_TARGET_NAME = NYMostPopularAssignment;
			};
			name = Debug;
		};
		DD9EFE0A239A5ADB007FF119 /* Release */ = {
			isa = XCBuildConfiguration;
			buildSettings = {
				ALWAYS_EMBED_SWIFT_STANDARD_LIBRARIES = YES;
				CODE_SIGN_STYLE = Automatic;
				INFOPLIST_FILE = NYMostPopularAssignmentUITests/Info.plist;
				LD_RUNPATH_SEARCH_PATHS = (
					"$(inherited)",
					"@executable_path/Frameworks",
					"@loader_path/Frameworks",
				);
				PRODUCT_BUNDLE_IDENTIFIER = VE.NYMostPopularAssignmentUITests;
				PRODUCT_NAME = "$(TARGET_NAME)";
				SWIFT_VERSION = 5.0;
				TARGETED_DEVICE_FAMILY = "1,2";
				TEST_TARGET_NAME = NYMostPopularAssignment;
			};
			name = Release;
		};
/* End XCBuildConfiguration section */

/* Begin XCConfigurationList section */
		DD9EFDD0239A5AD7007FF119 /* Build configuration list for PBXProject "NYMostPopularAssignment" */ = {
			isa = XCConfigurationList;
			buildConfigurations = (
				DD9EFE00239A5ADB007FF119 /* Debug */,
				DD9EFE01239A5ADB007FF119 /* Release */,
			);
			defaultConfigurationIsVisible = 0;
			defaultConfigurationName = Release;
		};
		DD9EFE02239A5ADB007FF119 /* Build configuration list for PBXNativeTarget "NYMostPopularAssignment" */ = {
			isa = XCConfigurationList;
			buildConfigurations = (
				DD9EFE03239A5ADB007FF119 /* Debug */,
				DD9EFE04239A5ADB007FF119 /* Release */,
			);
			defaultConfigurationIsVisible = 0;
			defaultConfigurationName = Release;
		};
		DD9EFE05239A5ADB007FF119 /* Build configuration list for PBXNativeTarget "NYMostPopularAssignmentTests" */ = {
			isa = XCConfigurationList;
			buildConfigurations = (
				DD9EFE06239A5ADB007FF119 /* Debug */,
				DD9EFE07239A5ADB007FF119 /* Release */,
			);
			defaultConfigurationIsVisible = 0;
			defaultConfigurationName = Release;
		};
		DD9EFE08239A5ADB007FF119 /* Build configuration list for PBXNativeTarget "NYMostPopularAssignmentUITests" */ = {
			isa = XCConfigurationList;
			buildConfigurations = (
				DD9EFE09239A5ADB007FF119 /* Debug */,
				DD9EFE0A239A5ADB007FF119 /* Release */,
			);
			defaultConfigurationIsVisible = 0;
			defaultConfigurationName = Release;
		};
/* End XCConfigurationList section */

/* Begin XCVersionGroup section */
		DD9EFDE1239A5AD7007FF119 /* NYMostPopularAssignment.xcdatamodeld */ = {
			isa = XCVersionGroup;
			children = (
				DD9EFDE2239A5AD7007FF119 /* NYMostPopularAssignment.xcdatamodel */,
			);
			currentVersion = DD9EFDE2239A5AD7007FF119 /* NYMostPopularAssignment.xcdatamodel */;
			path = NYMostPopularAssignment.xcdatamodeld;
			sourceTree = "<group>";
			versionGroupType = wrapper.xcdatamodel;
		};
/* End XCVersionGroup section */
	};
	rootObject = DD9EFDCD239A5AD7007FF119 /* Project object */;
}
